
Microsoft Visual Studio Solution File, Format Version 12.00
# Visual Studio Version 17
VisualStudioVersion = 17.7.34009.444
MinimumVisualStudioVersion = 10.0.40219.1
Project("{FAE04EC0-301F-11D3-BF4B-00C04F79EFBC}") = "Oni", "Oni.csproj", "{CCD53CA6-ECF0-460E-9963-3968CEA2FDCB}"
EndProject
Global
	GlobalSection(SolutionConfigurationPlatforms) = preSolution
		Debug|Any CPU = Debug|Any CPU
		Release|Any CPU = Release|Any CPU
	EndGlobalSection
	GlobalSection(ProjectConfigurationPlatforms) = postSolution
		{CCD53CA6-ECF0-460E-9963-3968CEA2FDCB}.Debug|Any CPU.ActiveCfg = Debug|Any CPU
		{CCD53CA6-ECF0-460E-9963-3968CEA2FDCB}.Debug|Any CPU.Build.0 = Debug|Any CPU
		{CCD53CA6-ECF0-460E-9963-3968CEA2FDCB}.Release|Any CPU.ActiveCfg = Release|Any CPU
		{CCD53CA6-ECF0-460E-9963-3968CEA2FDCB}.Release|Any CPU.Build.0 = Release|Any CPU
	EndGlobalSection
	GlobalSection(SolutionProperties) = preSolution
		HideSolutionNode = FALSE
	EndGlobalSection
	GlobalSection(ExtensibilityGlobals) = postSolution
		SolutionGuid = {4D4E37EA-27AE-4B11-AC8B-0AFDCE763C85}
	EndGlobalSection
EndGlobal
